
Microsoft Visual Studio Solution File, Format Version 12.00
# Visual Studio 15
VisualStudioVersion = 15.0.27703.2026
MinimumVisualStudioVersion = 10.0.40219.1
Project("{FAE04EC0-301F-11D3-BF4B-00C04F79EFBC}") = "Sirtis-Indexer", "Sirtis-Indexer\Sirtis-Indexer.csproj", "{426DD7D9-8B9E-4514-B72E-B10875ADFC4D}"
EndProject
Project("{FAE04EC0-301F-11D3-BF4B-00C04F79EFBC}") = "Sirtis-IndexerTests", "Sirtis-IndexerTests\Sirtis-IndexerTests.csproj", "{E20CCA34-17CF-4513-8360-8311A2691A67}"
EndProject
Global
	GlobalSection(SolutionConfigurationPlatforms) = preSolution
		Debug|Any CPU = Debug|Any CPU
		Release|Any CPU = Release|Any CPU
	EndGlobalSection
	GlobalSection(ProjectConfigurationPlatforms) = postSolution
		{426DD7D9-8B9E-4514-B72E-B10875ADFC4D}.Debug|Any CPU.ActiveCfg = Debug|Any CPU
		{426DD7D9-8B9E-4514-B72E-B10875ADFC4D}.Debug|Any CPU.Build.0 = Debug|Any CPU
		{426DD7D9-8B9E-4514-B72E-B10875ADFC4D}.Release|Any CPU.ActiveCfg = Release|Any CPU
		{426DD7D9-8B9E-4514-B72E-B10875ADFC4D}.Release|Any CPU.Build.0 = Release|Any CPU
		{E20CCA34-17CF-4513-8360-8311A2691A67}.Debug|Any CPU.ActiveCfg = Debug|Any CPU
		{E20CCA34-17CF-4513-8360-8311A2691A67}.Debug|Any CPU.Build.0 = Debug|Any CPU
		{E20CCA34-17CF-4513-8360-8311A2691A67}.Release|Any CPU.ActiveCfg = Release|Any CPU
		{E20CCA34-17CF-4513-8360-8311A2691A67}.Release|Any CPU.Build.0 = Release|Any CPU
	EndGlobalSection
	GlobalSection(SolutionProperties) = preSolution
		HideSolutionNode = FALSE
	EndGlobalSection
	GlobalSection(ExtensibilityGlobals) = postSolution
		SolutionGuid = {1E0C0A0F-44FB-4E3D-A97E-0E5596894611}
	EndGlobalSection
EndGlobal
